
Microsoft Visual Studio Solution File, Format Version 12.00
# Visual Studio 15
Project("{FAE04EC0-301F-11D3-BF4B-00C04F79EFBC}") = "UnityEngine.UI", "UnityEngine.UI.csproj", "{66EC1AFC-BB0E-0883-EFF8-A664AA510BB3}"
EndProject
Project("{FAE04EC0-301F-11D3-BF4B-00C04F79EFBC}") = "Unity.RenderPipelines.Core.Runtime", "Unity.RenderPipelines.Core.Runtime.csproj", "{F073C51A-F0E6-A5DE-6B2A-487CCF3DBD26}"
EndProject
Project("{FAE04EC0-301F-11D3-BF4B-00C04F79EFBC}") = "UnityEngine.TestRunner", "UnityEngine.TestRunner.csproj", "{550ED5C9-B705-6CDE-4367-5ABB53E1B8BF}"
EndProject
Project("{FAE04EC0-301F-11D3-BF4B-00C04F79EFBC}") = "Unity.Timeline", "Unity.Timeline.csproj", "{96ECD330-ED9D-5773-2B31-CA0A567B4BB9}"
EndProject
Project("{FAE04EC0-301F-11D3-BF4B-00C04F79EFBC}") = "Unity.TextMeshPro", "Unity.TextMeshPro.csproj", "{F864C847-E74C-252A-DA62-1BFC57742DD0}"
EndProject
Project("{FAE04EC0-301F-11D3-BF4B-00C04F79EFBC}") = "Assembly-CSharp", "Assembly-CSharp.csproj", "{A6A3989D-DA7A-E6BC-C89E-59E7719275ED}"
EndProject
Project("{FAE04EC0-301F-11D3-BF4B-00C04F79EFBC}") = "Unity.RenderPipelines.Core.ShaderLibrary", "Unity.RenderPipelines.Core.ShaderLibrary.csproj", "{84AD4D38-C82D-DCBE-2F8D-A0F61DD39797}"
EndProject
Project("{FAE04EC0-301F-11D3-BF4B-00C04F79EFBC}") = "Unity.RenderPipelines.ShaderGraph.ShaderGraphLibrary", "Unity.RenderPipelines.ShaderGraph.ShaderGraphLibrary.csproj", "{E8E3C258-FA86-8099-A8D0-09C21AA0118B}"
EndProject
Project("{FAE04EC0-301F-11D3-BF4B-00C04F79EFBC}") = "UnityEditor.TestRunner", "UnityEditor.TestRunner.csproj", "{35ECA8FC-3E75-59AF-A25A-042EEEE3704B}"
EndProject
Project("{FAE04EC0-301F-11D3-BF4B-00C04F79EFBC}") = "Unity.PlasticSCM.Editor", "Unity.PlasticSCM.Editor.csproj", "{5772E9B9-A9EF-52C1-6733-12118D03E67A}"
EndProject
Project("{FAE04EC0-301F-11D3-BF4B-00C04F79EFBC}") = "Unity.ShaderGraph.Editor", "Unity.ShaderGraph.Editor.csproj", "{A6348EFB-91FE-E825-479B-294F09D30CF6}"
EndProject
Project("{FAE04EC0-301F-11D3-BF4B-00C04F79EFBC}") = "UnityEditor.UI", "UnityEditor.UI.csproj", "{9377B691-7D02-B04D-9303-7785745FC8E0}"
EndProject
Project("{FAE04EC0-301F-11D3-BF4B-00C04F79EFBC}") = "Unity.VisualStudio.Editor", "Unity.VisualStudio.Editor.csproj", "{0BCC9AA9-731C-19F8-61B3-8C35E948CAD9}"
EndProject
Project("{FAE04EC0-301F-11D3-BF4B-00C04F79EFBC}") = "Unity.Timeline.Editor", "Unity.Timeline.Editor.csproj", "{E8891056-EB31-16E4-8BC0-FB54927F0DC7}"
EndProject
Project("{FAE04EC0-301F-11D3-BF4B-00C04F79EFBC}") = "Unity.Services.Core.Editor", "Unity.Services.Core.Editor.csproj", "{C5E5840A-CF4A-997C-E85A-FCAAB6B30FA6}"
EndProject
Project("{FAE04EC0-301F-11D3-BF4B-00C04F79EFBC}") = "Unity.TextMeshPro.Editor", "Unity.TextMeshPro.Editor.csproj", "{30CD21A7-DE72-888E-FE02-ACCC10B55FB1}"
EndProject
Project("{FAE04EC0-301F-11D3-BF4B-00C04F79EFBC}") = "Unity.RenderPipelines.Core.Editor", "Unity.RenderPipelines.Core.Editor.csproj", "{19091627-A171-1AB2-3908-344C32AC098B}"
EndProject
Project("{FAE04EC0-301F-11D3-BF4B-00C04F79EFBC}") = "Unity.CollabProxy.Editor", "Unity.CollabProxy.Editor.csproj", "{308CA12A-AB0D-CEB3-1B49-6DEF868AF309}"
EndProject
Project("{FAE04EC0-301F-11D3-BF4B-00C04F79EFBC}") = "Unity.ShaderGraph.Utilities", "Unity.ShaderGraph.Utilities.csproj", "{1F861402-8BAF-0029-5670-F8E50E6150E1}"
EndProject
Project("{FAE04EC0-301F-11D3-BF4B-00C04F79EFBC}") = "Unity.Rider.Editor", "Unity.Rider.Editor.csproj", "{1B120868-2290-E07F-4E20-F3F49D927E72}"
EndProject
Project("{FAE04EC0-301F-11D3-BF4B-00C04F79EFBC}") = "Unity.Searcher.Editor", "Unity.Searcher.Editor.csproj", "{93051655-FE90-8342-0169-4A3AAF923F54}"
EndProject
Project("{FAE04EC0-301F-11D3-BF4B-00C04F79EFBC}") = "Unity.VSCode.Editor", "Unity.VSCode.Editor.csproj", "{2642DAD2-2898-6BED-FF26-5DAABF4E9DFA}"
EndProject
Project("{FAE04EC0-301F-11D3-BF4B-00C04F79EFBC}") = "UnityEngine.UI", "UnityEngine.UI.Player.csproj", "{CF736B3D-7C14-4548-E66F-E5A44EA89746}"
EndProject
Project("{FAE04EC0-301F-11D3-BF4B-00C04F79EFBC}") = "Unity.RenderPipelines.Core.Runtime", "Unity.RenderPipelines.Core.Runtime.Player.csproj", "{178320D6-2712-9338-13ED-9BEE46CE0AFC}"
EndProject
Project("{FAE04EC0-301F-11D3-BF4B-00C04F79EFBC}") = "UnityEngine.TestRunner", "UnityEngine.TestRunner.Player.csproj", "{997E21F3-B759-B786-B578-8E069F4439FD}"
EndProject
Project("{FAE04EC0-301F-11D3-BF4B-00C04F79EFBC}") = "Unity.Timeline", "Unity.Timeline.Player.csproj", "{CF146067-2B53-7465-7DB2-9B5F8EF797EA}"
EndProject
Project("{FAE04EC0-301F-11D3-BF4B-00C04F79EFBC}") = "Unity.TextMeshPro", "Unity.TextMeshPro.Player.csproj", "{1E038436-974E-9106-9295-3B04A8CF4D5B}"
EndProject
Project("{FAE04EC0-301F-11D3-BF4B-00C04F79EFBC}") = "Assembly-CSharp", "Assembly-CSharp.Player.csproj", "{9D8A7C7E-3504-B2E1-97CB-D68F8080AAF6}"
EndProject
Project("{FAE04EC0-301F-11D3-BF4B-00C04F79EFBC}") = "Unity.RenderPipelines.Core.ShaderLibrary", "Unity.RenderPipelines.Core.ShaderLibrary.Player.csproj", "{0CEB7377-E29D-9E2D-961A-F8043F923721}"
EndProject
Project("{FAE04EC0-301F-11D3-BF4B-00C04F79EFBC}") = "Unity.RenderPipelines.ShaderGraph.ShaderGraphLibrary", "Unity.RenderPipelines.ShaderGraph.ShaderGraphLibrary.Player.csproj", "{FE227337-6F07-69E2-4F2A-AE87A11938C6}"
EndProject
Global
	GlobalSection(SolutionConfigurationPlatforms) = preSolution
		Debug|Any CPU = Debug|Any CPU
		Release|Any CPU = Release|Any CPU
	EndGlobalSection
	GlobalSection(ProjectConfigurationPlatforms) = postSolution
		{66EC1AFC-BB0E-0883-EFF8-A664AA510BB3}.Debug|Any CPU.ActiveCfg = Debug|Any CPU
		{66EC1AFC-BB0E-0883-EFF8-A664AA510BB3}.Debug|Any CPU.Build.0 = Debug|Any CPU
		{66EC1AFC-BB0E-0883-EFF8-A664AA510BB3}.Release|Any CPU.ActiveCfg = Release|Any CPU
		{66EC1AFC-BB0E-0883-EFF8-A664AA510BB3}.Release|Any CPU.Build.0 = Release|Any CPU
		{F073C51A-F0E6-A5DE-6B2A-487CCF3DBD26}.Debug|Any CPU.ActiveCfg = Debug|Any CPU
		{F073C51A-F0E6-A5DE-6B2A-487CCF3DBD26}.Debug|Any CPU.Build.0 = Debug|Any CPU
		{F073C51A-F0E6-A5DE-6B2A-487CCF3DBD26}.Release|Any CPU.ActiveCfg = Release|Any CPU
		{F073C51A-F0E6-A5DE-6B2A-487CCF3DBD26}.Release|Any CPU.Build.0 = Release|Any CPU
		{550ED5C9-B705-6CDE-4367-5ABB53E1B8BF}.Debug|Any CPU.ActiveCfg = Debug|Any CPU
		{550ED5C9-B705-6CDE-4367-5ABB53E1B8BF}.Debug|Any CPU.Build.0 = Debug|Any CPU
		{550ED5C9-B705-6CDE-4367-5ABB53E1B8BF}.Release|Any CPU.ActiveCfg = Release|Any CPU
		{550ED5C9-B705-6CDE-4367-5ABB53E1B8BF}.Release|Any CPU.Build.0 = Release|Any CPU
		{96ECD330-ED9D-5773-2B31-CA0A567B4BB9}.Debug|Any CPU.ActiveCfg = Debug|Any CPU
		{96ECD330-ED9D-5773-2B31-CA0A567B4BB9}.Debug|Any CPU.Build.0 = Debug|Any CPU
		{96ECD330-ED9D-5773-2B31-CA0A567B4BB9}.Release|Any CPU.ActiveCfg = Release|Any CPU
		{96ECD330-ED9D-5773-2B31-CA0A567B4BB9}.Release|Any CPU.Build.0 = Release|Any CPU
		{F864C847-E74C-252A-DA62-1BFC57742DD0}.Debug|Any CPU.ActiveCfg = Debug|Any CPU
		{F864C847-E74C-252A-DA62-1BFC57742DD0}.Debug|Any CPU.Build.0 = Debug|Any CPU
		{F864C847-E74C-252A-DA62-1BFC57742DD0}.Release|Any CPU.ActiveCfg = Release|Any CPU
		{F864C847-E74C-252A-DA62-1BFC57742DD0}.Release|Any CPU.Build.0 = Release|Any CPU
		{A6A3989D-DA7A-E6BC-C89E-59E7719275ED}.Debug|Any CPU.ActiveCfg = Debug|Any CPU
		{A6A3989D-DA7A-E6BC-C89E-59E7719275ED}.Debug|Any CPU.Build.0 = Debug|Any CPU
		{A6A3989D-DA7A-E6BC-C89E-59E7719275ED}.Release|Any CPU.ActiveCfg = Release|Any CPU
		{A6A3989D-DA7A-E6BC-C89E-59E7719275ED}.Release|Any CPU.Build.0 = Release|Any CPU
		{84AD4D38-C82D-DCBE-2F8D-A0F61DD39797}.Debug|Any CPU.ActiveCfg = Debug|Any CPU
		{84AD4D38-C82D-DCBE-2F8D-A0F61DD39797}.Debug|Any CPU.Build.0 = Debug|Any CPU
		{84AD4D38-C82D-DCBE-2F8D-A0F61DD39797}.Release|Any CPU.ActiveCfg = Release|Any CPU
		{84AD4D38-C82D-DCBE-2F8D-A0F61DD39797}.Release|Any CPU.Build.0 = Release|Any CPU
		{E8E3C258-FA86-8099-A8D0-09C21AA0118B}.Debug|Any CPU.ActiveCfg = Debug|Any CPU
		{E8E3C258-FA86-8099-A8D0-09C21AA0118B}.Debug|Any CPU.Build.0 = Debug|Any CPU
		{E8E3C258-FA86-8099-A8D0-09C21AA0118B}.Release|Any CPU.ActiveCfg = Release|Any CPU
		{E8E3C258-FA86-8099-A8D0-09C21AA0118B}.Release|Any CPU.Build.0 = Release|Any CPU
		{35ECA8FC-3E75-59AF-A25A-042EEEE3704B}.Debug|Any CPU.ActiveCfg = Debug|Any CPU
		{35ECA8FC-3E75-59AF-A25A-042EEEE3704B}.Debug|Any CPU.Build.0 = Debug|Any CPU
		{35ECA8FC-3E75-59AF-A25A-042EEEE3704B}.Release|Any CPU.ActiveCfg = Release|Any CPU
		{35ECA8FC-3E75-59AF-A25A-042EEEE3704B}.Release|Any CPU.Build.0 = Release|Any CPU
		{5772E9B9-A9EF-52C1-6733-12118D03E67A}.Debug|Any CPU.ActiveCfg = Debug|Any CPU
		{5772E9B9-A9EF-52C1-6733-12118D03E67A}.Debug|Any CPU.Build.0 = Debug|Any CPU
		{5772E9B9-A9EF-52C1-6733-12118D03E67A}.Release|Any CPU.ActiveCfg = Release|Any CPU
		{5772E9B9-A9EF-52C1-6733-12118D03E67A}.Release|Any CPU.Build.0 = Release|Any CPU
		{A6348EFB-91FE-E825-479B-294F09D30CF6}.Debug|Any CPU.ActiveCfg = Debug|Any CPU
		{A6348EFB-91FE-E825-479B-294F09D30CF6}.Debug|Any CPU.Build.0 = Debug|Any CPU
		{A6348EFB-91FE-E825-479B-294F09D30CF6}.Release|Any CPU.ActiveCfg = Release|Any CPU
		{A6348EFB-91FE-E825-479B-294F09D30CF6}.Release|Any CPU.Build.0 = Release|Any CPU
		{9377B691-7D02-B04D-9303-7785745FC8E0}.Debug|Any CPU.ActiveCfg = Debug|Any CPU
		{9377B691-7D02-B04D-9303-7785745FC8E0}.Debug|Any CPU.Build.0 = Debug|Any CPU
		{9377B691-7D02-B04D-9303-7785745FC8E0}.Release|Any CPU.ActiveCfg = Release|Any CPU
		{9377B691-7D02-B04D-9303-7785745FC8E0}.Release|Any CPU.Build.0 = Release|Any CPU
		{0BCC9AA9-731C-19F8-61B3-8C35E948CAD9}.Debug|Any CPU.ActiveCfg = Debug|Any CPU
		{0BCC9AA9-731C-19F8-61B3-8C35E948CAD9}.Debug|Any CPU.Build.0 = Debug|Any CPU
		{0BCC9AA9-731C-19F8-61B3-8C35E948CAD9}.Release|Any CPU.ActiveCfg = Release|Any CPU
		{0BCC9AA9-731C-19F8-61B3-8C35E948CAD9}.Release|Any CPU.Build.0 = Release|Any CPU
		{E8891056-EB31-16E4-8BC0-FB54927F0DC7}.Debug|Any CPU.ActiveCfg = Debug|Any CPU
		{E8891056-EB31-16E4-8BC0-FB54927F0DC7}.Debug|Any CPU.Build.0 = Debug|Any CPU
		{E8891056-EB31-16E4-8BC0-FB54927F0DC7}.Release|Any CPU.ActiveCfg = Release|Any CPU
		{E8891056-EB31-16E4-8BC0-FB54927F0DC7}.Release|Any CPU.Build.0 = Release|Any CPU
		{C5E5840A-CF4A-997C-E85A-FCAAB6B30FA6}.Debug|Any CPU.ActiveCfg = Debug|Any CPU
		{C5E5840A-CF4A-997C-E85A-FCAAB6B30FA6}.Debug|Any CPU.Build.0 = Debug|Any CPU
		{C5E5840A-CF4A-997C-E85A-FCAAB6B30FA6}.Release|Any CPU.ActiveCfg = Release|Any CPU
		{C5E5840A-CF4A-997C-E85A-FCAAB6B30FA6}.Release|Any CPU.Build.0 = Release|Any CPU
		{30CD21A7-DE72-888E-FE02-ACCC10B55FB1}.Debug|Any CPU.ActiveCfg = Debug|Any CPU
		{30CD21A7-DE72-888E-FE02-ACCC10B55FB1}.Debug|Any CPU.Build.0 = Debug|Any CPU
		{30CD21A7-DE72-888E-FE02-ACCC10B55FB1}.Release|Any CPU.ActiveCfg = Release|Any CPU
		{30CD21A7-DE72-888E-FE02-ACCC10B55FB1}.Release|Any CPU.Build.0 = Release|Any CPU
		{19091627-A171-1AB2-3908-344C32AC098B}.Debug|Any CPU.ActiveCfg = Debug|Any CPU
		{19091627-A171-1AB2-3908-344C32AC098B}.Debug|Any CPU.Build.0 = Debug|Any CPU
		{19091627-A171-1AB2-3908-344C32AC098B}.Release|Any CPU.ActiveCfg = Release|Any CPU
		{19091627-A171-1AB2-3908-344C32AC098B}.Release|Any CPU.Build.0 = Release|Any CPU
		{308CA12A-AB0D-CEB3-1B49-6DEF868AF309}.Debug|Any CPU.ActiveCfg = Debug|Any CPU
		{308CA12A-AB0D-CEB3-1B49-6DEF868AF309}.Debug|Any CPU.Build.0 = Debug|Any CPU
		{308CA12A-AB0D-CEB3-1B49-6DEF868AF309}.Release|Any CPU.ActiveCfg = Release|Any CPU
		{308CA12A-AB0D-CEB3-1B49-6DEF868AF309}.Release|Any CPU.Build.0 = Release|Any CPU
		{1F861402-8BAF-0029-5670-F8E50E6150E1}.Debug|Any CPU.ActiveCfg = Debug|Any CPU
		{1F861402-8BAF-0029-5670-F8E50E6150E1}.Debug|Any CPU.Build.0 = Debug|Any CPU
		{1F861402-8BAF-0029-5670-F8E50E6150E1}.Release|Any CPU.ActiveCfg = Release|Any CPU
		{1F861402-8BAF-0029-5670-F8E50E6150E1}.Release|Any CPU.Build.0 = Release|Any CPU
		{1B120868-2290-E07F-4E20-F3F49D927E72}.Debug|Any CPU.ActiveCfg = Debug|Any CPU
		{1B120868-2290-E07F-4E20-F3F49D927E72}.Debug|Any CPU.Build.0 = Debug|Any CPU
		{1B120868-2290-E07F-4E20-F3F49D927E72}.Release|Any CPU.ActiveCfg = Release|Any CPU
		{1B120868-2290-E07F-4E20-F3F49D927E72}.Release|Any CPU.Build.0 = Release|Any CPU
		{93051655-FE90-8342-0169-4A3AAF923F54}.Debug|Any CPU.ActiveCfg = Debug|Any CPU
		{93051655-FE90-8342-0169-4A3AAF923F54}.Debug|Any CPU.Build.0 = Debug|Any CPU
		{93051655-FE90-8342-0169-4A3AAF923F54}.Release|Any CPU.ActiveCfg = Release|Any CPU
		{93051655-FE90-8342-0169-4A3AAF923F54}.Release|Any CPU.Build.0 = Release|Any CPU
		{2642DAD2-2898-6BED-FF26-5DAABF4E9DFA}.Debug|Any CPU.ActiveCfg = Debug|Any CPU
		{2642DAD2-2898-6BED-FF26-5DAABF4E9DFA}.Debug|Any CPU.Build.0 = Debug|Any CPU
		{2642DAD2-2898-6BED-FF26-5DAABF4E9DFA}.Release|Any CPU.ActiveCfg = Release|Any CPU
		{2642DAD2-2898-6BED-FF26-5DAABF4E9DFA}.Release|Any CPU.Build.0 = Release|Any CPU
		{CF736B3D-7C14-4548-E66F-E5A44EA89746}.Debug|Any CPU.ActiveCfg = Debug|Any CPU
		{CF736B3D-7C14-4548-E66F-E5A44EA89746}.Debug|Any CPU.Build.0 = Debug|Any CPU
		{CF736B3D-7C14-4548-E66F-E5A44EA89746}.Release|Any CPU.ActiveCfg = Release|Any CPU
		{CF736B3D-7C14-4548-E66F-E5A44EA89746}.Release|Any CPU.Build.0 = Release|Any CPU
		{178320D6-2712-9338-13ED-9BEE46CE0AFC}.Debug|Any CPU.ActiveCfg = Debug|Any CPU
		{178320D6-2712-9338-13ED-9BEE46CE0AFC}.Debug|Any CPU.Build.0 = Debug|Any CPU
		{178320D6-2712-9338-13ED-9BEE46CE0AFC}.Release|Any CPU.ActiveCfg = Release|Any CPU
		{178320D6-2712-9338-13ED-9BEE46CE0AFC}.Release|Any CPU.Build.0 = Release|Any CPU
		{997E21F3-B759-B786-B578-8E069F4439FD}.Debug|Any CPU.ActiveCfg = Debug|Any CPU
		{997E21F3-B759-B786-B578-8E069F4439FD}.Debug|Any CPU.Build.0 = Debug|Any CPU
		{997E21F3-B759-B786-B578-8E069F4439FD}.Release|Any CPU.ActiveCfg = Release|Any CPU
		{997E21F3-B759-B786-B578-8E069F4439FD}.Release|Any CPU.Build.0 = Release|Any CPU
		{CF146067-2B53-7465-7DB2-9B5F8EF797EA}.Debug|Any CPU.ActiveCfg = Debug|Any CPU
		{CF146067-2B53-7465-7DB2-9B5F8EF797EA}.Debug|Any CPU.Build.0 = Debug|Any CPU
		{CF146067-2B53-7465-7DB2-9B5F8EF797EA}.Release|Any CPU.ActiveCfg = Release|Any CPU
		{CF146067-2B53-7465-7DB2-9B5F8EF797EA}.Release|Any CPU.Build.0 = Release|Any CPU
		{1E038436-974E-9106-9295-3B04A8CF4D5B}.Debug|Any CPU.ActiveCfg = Debug|Any CPU
		{1E038436-974E-9106-9295-3B04A8CF4D5B}.Debug|Any CPU.Build.0 = Debug|Any CPU
		{1E038436-974E-9106-9295-3B04A8CF4D5B}.Release|Any CPU.ActiveCfg = Release|Any CPU
		{1E038436-974E-9106-9295-3B04A8CF4D5B}.Release|Any CPU.Build.0 = Release|Any CPU
		{9D8A7C7E-3504-B2E1-97CB-D68F8080AAF6}.Debug|Any CPU.ActiveCfg = Debug|Any CPU
		{9D8A7C7E-3504-B2E1-97CB-D68F8080AAF6}.Debug|Any CPU.Build.0 = Debug|Any CPU
		{9D8A7C7E-3504-B2E1-97CB-D68F8080AAF6}.Release|Any CPU.ActiveCfg = Release|Any CPU
		{9D8A7C7E-3504-B2E1-97CB-D68F8080AAF6}.Release|Any CPU.Build.0 = Release|Any CPU
		{0CEB7377-E29D-9E2D-961A-F8043F923721}.Debug|Any CPU.ActiveCfg = Debug|Any CPU
		{0CEB7377-E29D-9E2D-961A-F8043F923721}.Debug|Any CPU.Build.0 = Debug|Any CPU
		{0CEB7377-E29D-9E2D-961A-F8043F923721}.Release|Any CPU.ActiveCfg = Release|Any CPU
		{0CEB7377-E29D-9E2D-961A-F8043F923721}.Release|Any CPU.Build.0 = Release|Any CPU
		{FE227337-6F07-69E2-4F2A-AE87A11938C6}.Debug|Any CPU.ActiveCfg = Debug|Any CPU
		{FE227337-6F07-69E2-4F2A-AE87A11938C6}.Debug|Any CPU.Build.0 = Debug|Any CPU
		{FE227337-6F07-69E2-4F2A-AE87A11938C6}.Release|Any CPU.ActiveCfg = Release|Any CPU
		{FE227337-6F07-69E2-4F2A-AE87A11938C6}.Release|Any CPU.Build.0 = Release|Any CPU
	EndGlobalSection
	GlobalSection(SolutionProperties) = preSolution
		HideSolutionNode = FALSE
	EndGlobalSection
EndGlobal
